
Microsoft Visual Studio Solution File, Format Version 12.00
# Visual Studio Version 17
VisualStudioVersion = 17.10.35027.167
MinimumVisualStudioVersion = 10.0.40219.1
Project("{FAE04EC0-301F-11D3-BF4B-00C04F79EFBC}") = "MusicPlaylistApp", "MusicPlaylistApp\MusicPlaylistApp.csproj", "{00F74D34-5914-4D20-B5EE-17BF75D9B49E}"
EndProject
Global
	GlobalSection(SolutionConfigurationPlatforms) = preSolution
		Debug|Any CPU = Debug|Any CPU
		Release|Any CPU = Release|Any CPU
	EndGlobalSection
	GlobalSection(ProjectConfigurationPlatforms) = postSolution
		{00F74D34-5914-4D20-B5EE-17BF75D9B49E}.Debug|Any CPU.ActiveCfg = Debug|Any CPU
		{00F74D34-5914-4D20-B5EE-17BF75D9B49E}.Debug|Any CPU.Build.0 = Debug|Any CPU
		{00F74D34-5914-4D20-B5EE-17BF75D9B49E}.Release|Any CPU.ActiveCfg = Release|Any CPU
		{00F74D34-5914-4D20-B5EE-17BF75D9B49E}.Release|Any CPU.Build.0 = Release|Any CPU
	EndGlobalSection
	GlobalSection(SolutionProperties) = preSolution
		HideSolutionNode = FALSE
	EndGlobalSection
	GlobalSection(ExtensibilityGlobals) = postSolution
		SolutionGuid = {B7457E38-ADF2-420B-B801-3201FC971F4E}
	EndGlobalSection
EndGlobal
